
Microsoft Visual Studio Solution File, Format Version 12.00
# Visual Studio Version 17
VisualStudioVersion = 17.9.34701.34
MinimumVisualStudioVersion = 10.0.40219.1
Project("{FAE04EC0-301F-11D3-BF4B-00C04F79EFBC}") = "Login", "Login\Login.csproj", "{EF8095BD-F02B-474B-AF99-6F5E07800CD4}"
EndProject
Global
	GlobalSection(SolutionConfigurationPlatforms) = preSolution
		Debug|Any CPU = Debug|Any CPU
		Release|Any CPU = Release|Any CPU
	EndGlobalSection
	GlobalSection(ProjectConfigurationPlatforms) = postSolution
		{EF8095BD-F02B-474B-AF99-6F5E07800CD4}.Debug|Any CPU.ActiveCfg = Debug|Any CPU
		{EF8095BD-F02B-474B-AF99-6F5E07800CD4}.Debug|Any CPU.Build.0 = Debug|Any CPU
		{EF8095BD-F02B-474B-AF99-6F5E07800CD4}.Release|Any CPU.ActiveCfg = Release|Any CPU
		{EF8095BD-F02B-474B-AF99-6F5E07800CD4}.Release|Any CPU.Build.0 = Release|Any CPU
	EndGlobalSection
	GlobalSection(SolutionProperties) = preSolution
		HideSolutionNode = FALSE
	EndGlobalSection
	GlobalSection(ExtensibilityGlobals) = postSolution
		SolutionGuid = {0AB01DED-1CF4-4180-AFC4-6CAD92FF1393}
	EndGlobalSection
EndGlobal
